
Microsoft Visual Studio Solution File, Format Version 12.00
# Visual Studio 14
VisualStudioVersion = 14.0.24720.0
MinimumVisualStudioVersion = 10.0.40219.1
Project("{FAE04EC0-301F-11D3-BF4B-00C04F79EFBC}") = "Validering_egtswebh115", "Validering_egtswebh115\Validering_egtswebh115.csproj", "{525E9713-B001-4174-A292-9B4A6D9FD734}"
EndProject
Global
	GlobalSection(SolutionConfigurationPlatforms) = preSolution
		Debug|Any CPU = Debug|Any CPU
		Release|Any CPU = Release|Any CPU
	EndGlobalSection
	GlobalSection(ProjectConfigurationPlatforms) = postSolution
		{525E9713-B001-4174-A292-9B4A6D9FD734}.Debug|Any CPU.ActiveCfg = Debug|Any CPU
		{525E9713-B001-4174-A292-9B4A6D9FD734}.Debug|Any CPU.Build.0 = Debug|Any CPU
		{525E9713-B001-4174-A292-9B4A6D9FD734}.Release|Any CPU.ActiveCfg = Release|Any CPU
		{525E9713-B001-4174-A292-9B4A6D9FD734}.Release|Any CPU.Build.0 = Release|Any CPU
	EndGlobalSection
	GlobalSection(SolutionProperties) = preSolution
		HideSolutionNode = FALSE
	EndGlobalSection
EndGlobal
